
Microsoft Visual Studio Solution File, Format Version 12.00
# Visual Studio Version 16
VisualStudioVersion = 16.0.32901.82
MinimumVisualStudioVersion = 10.0.40219.1
Project("{FAE04EC0-301F-11D3-BF4B-00C04F79EFBC}") = "Loja", "Loja\Loja.csproj", "{FEBE3CF1-13CB-4029-B2F7-804E30A54B55}"
EndProject
Project("{FAE04EC0-301F-11D3-BF4B-00C04F79EFBC}") = "Universidade", "Universidade\Universidade.csproj", "{28DC476D-4BCC-4D6E-9897-8A3D04279CA8}"
EndProject
Global
	GlobalSection(SolutionConfigurationPlatforms) = preSolution
		Debug|Any CPU = Debug|Any CPU
		Release|Any CPU = Release|Any CPU
	EndGlobalSection
	GlobalSection(ProjectConfigurationPlatforms) = postSolution
		{FEBE3CF1-13CB-4029-B2F7-804E30A54B55}.Debug|Any CPU.ActiveCfg = Debug|Any CPU
		{FEBE3CF1-13CB-4029-B2F7-804E30A54B55}.Debug|Any CPU.Build.0 = Debug|Any CPU
		{FEBE3CF1-13CB-4029-B2F7-804E30A54B55}.Release|Any CPU.ActiveCfg = Release|Any CPU
		{FEBE3CF1-13CB-4029-B2F7-804E30A54B55}.Release|Any CPU.Build.0 = Release|Any CPU
		{28DC476D-4BCC-4D6E-9897-8A3D04279CA8}.Debug|Any CPU.ActiveCfg = Debug|Any CPU
		{28DC476D-4BCC-4D6E-9897-8A3D04279CA8}.Debug|Any CPU.Build.0 = Debug|Any CPU
		{28DC476D-4BCC-4D6E-9897-8A3D04279CA8}.Release|Any CPU.ActiveCfg = Release|Any CPU
		{28DC476D-4BCC-4D6E-9897-8A3D04279CA8}.Release|Any CPU.Build.0 = Release|Any CPU
	EndGlobalSection
	GlobalSection(SolutionProperties) = preSolution
		HideSolutionNode = FALSE
	EndGlobalSection
	GlobalSection(ExtensibilityGlobals) = postSolution
		SolutionGuid = {CAD46270-4714-4B13-8552-963D8CA8A978}
	EndGlobalSection
EndGlobal
