
Microsoft Visual Studio Solution File, Format Version 12.00
# Visual Studio Version 16
VisualStudioVersion = 16.0.32901.82
MinimumVisualStudioVersion = 10.0.40219.1
Project("{FAE04EC0-301F-11D3-BF4B-00C04F79EFBC}") = "CadastroDeClientes", "CadastroDeClientes\CadastroDeClientes.csproj", "{AF97AF80-6224-4B3B-A720-10FA0C3A4648}"
EndProject
Global
	GlobalSection(SolutionConfigurationPlatforms) = preSolution
		Debug|Any CPU = Debug|Any CPU
		Release|Any CPU = Release|Any CPU
	EndGlobalSection
	GlobalSection(ProjectConfigurationPlatforms) = postSolution
		{AF97AF80-6224-4B3B-A720-10FA0C3A4648}.Debug|Any CPU.ActiveCfg = Debug|Any CPU
		{AF97AF80-6224-4B3B-A720-10FA0C3A4648}.Debug|Any CPU.Build.0 = Debug|Any CPU
		{AF97AF80-6224-4B3B-A720-10FA0C3A4648}.Release|Any CPU.ActiveCfg = Release|Any CPU
		{AF97AF80-6224-4B3B-A720-10FA0C3A4648}.Release|Any CPU.Build.0 = Release|Any CPU
	EndGlobalSection
	GlobalSection(SolutionProperties) = preSolution
		HideSolutionNode = FALSE
	EndGlobalSection
	GlobalSection(ExtensibilityGlobals) = postSolution
		SolutionGuid = {B059B7DC-8F02-4BA1-81F6-174DFD2E5F10}
	EndGlobalSection
EndGlobal
