
Microsoft Visual Studio Solution File, Format Version 12.00
# Visual Studio Version 16
VisualStudioVersion = 16.0.32901.82
MinimumVisualStudioVersion = 10.0.40219.1
Project("{FAE04EC0-301F-11D3-BF4B-00C04F79EFBC}") = "_ModoDebugRelease", "01_Exception\_ModoDebugRelease.csproj", "{7CF0B7E7-4561-4171-A0ED-9F42718A2A0F}"
EndProject
Project("{FAE04EC0-301F-11D3-BF4B-00C04F79EFBC}") = "02_Exception", "02_Exception\02_Exception.csproj", "{4207252F-0CC3-4937-9C8D-652B0417C287}"
EndProject
Project("{FAE04EC0-301F-11D3-BF4B-00C04F79EFBC}") = "01_Exception", "00_Exception\01_Exception.csproj", "{4BCC7D2C-84BA-41B5-9821-FF392891171F}"
EndProject
Project("{FAE04EC0-301F-11D3-BF4B-00C04F79EFBC}") = "Throw", "Throw\Throw.csproj", "{D6A1D70A-72B1-4138-9E13-863B2DC907B6}"
EndProject
Project("{FAE04EC0-301F-11D3-BF4B-00C04F79EFBC}") = "Throw_02", "Throw_02\Throw_02.csproj", "{A1AECF1C-DD6E-4FB6-B329-1F6D4709B2F3}"
EndProject
Global
	GlobalSection(SolutionConfigurationPlatforms) = preSolution
		Debug|Any CPU = Debug|Any CPU
		Release|Any CPU = Release|Any CPU
	EndGlobalSection
	GlobalSection(ProjectConfigurationPlatforms) = postSolution
		{7CF0B7E7-4561-4171-A0ED-9F42718A2A0F}.Debug|Any CPU.ActiveCfg = Debug|Any CPU
		{7CF0B7E7-4561-4171-A0ED-9F42718A2A0F}.Debug|Any CPU.Build.0 = Debug|Any CPU
		{7CF0B7E7-4561-4171-A0ED-9F42718A2A0F}.Release|Any CPU.ActiveCfg = Release|Any CPU
		{7CF0B7E7-4561-4171-A0ED-9F42718A2A0F}.Release|Any CPU.Build.0 = Release|Any CPU
		{4207252F-0CC3-4937-9C8D-652B0417C287}.Debug|Any CPU.ActiveCfg = Debug|Any CPU
		{4207252F-0CC3-4937-9C8D-652B0417C287}.Debug|Any CPU.Build.0 = Debug|Any CPU
		{4207252F-0CC3-4937-9C8D-652B0417C287}.Release|Any CPU.ActiveCfg = Release|Any CPU
		{4207252F-0CC3-4937-9C8D-652B0417C287}.Release|Any CPU.Build.0 = Release|Any CPU
		{4BCC7D2C-84BA-41B5-9821-FF392891171F}.Debug|Any CPU.ActiveCfg = Debug|Any CPU
		{4BCC7D2C-84BA-41B5-9821-FF392891171F}.Debug|Any CPU.Build.0 = Debug|Any CPU
		{4BCC7D2C-84BA-41B5-9821-FF392891171F}.Release|Any CPU.ActiveCfg = Release|Any CPU
		{4BCC7D2C-84BA-41B5-9821-FF392891171F}.Release|Any CPU.Build.0 = Release|Any CPU
		{D6A1D70A-72B1-4138-9E13-863B2DC907B6}.Debug|Any CPU.ActiveCfg = Debug|Any CPU
		{D6A1D70A-72B1-4138-9E13-863B2DC907B6}.Debug|Any CPU.Build.0 = Debug|Any CPU
		{D6A1D70A-72B1-4138-9E13-863B2DC907B6}.Release|Any CPU.ActiveCfg = Release|Any CPU
		{D6A1D70A-72B1-4138-9E13-863B2DC907B6}.Release|Any CPU.Build.0 = Release|Any CPU
		{A1AECF1C-DD6E-4FB6-B329-1F6D4709B2F3}.Debug|Any CPU.ActiveCfg = Debug|Any CPU
		{A1AECF1C-DD6E-4FB6-B329-1F6D4709B2F3}.Debug|Any CPU.Build.0 = Debug|Any CPU
		{A1AECF1C-DD6E-4FB6-B329-1F6D4709B2F3}.Release|Any CPU.ActiveCfg = Release|Any CPU
		{A1AECF1C-DD6E-4FB6-B329-1F6D4709B2F3}.Release|Any CPU.Build.0 = Release|Any CPU
	EndGlobalSection
	GlobalSection(SolutionProperties) = preSolution
		HideSolutionNode = FALSE
	EndGlobalSection
	GlobalSection(ExtensibilityGlobals) = postSolution
		SolutionGuid = {62599604-4854-4D10-A498-45B808ED0212}
	EndGlobalSection
EndGlobal
