
Microsoft Visual Studio Solution File, Format Version 12.00
# Visual Studio Version 16
VisualStudioVersion = 16.0.32901.82
MinimumVisualStudioVersion = 10.0.40219.1
Project("{9A19103F-16F7-4668-BE54-9A1E7A4F7556}") = "app-mvc", "app-mvc.csproj", "{33E51D24-6F2B-4347-A2B2-B1E7EC6DAF3D}"
EndProject
Global
	GlobalSection(SolutionConfigurationPlatforms) = preSolution
		Debug|Any CPU = Debug|Any CPU
		Release|Any CPU = Release|Any CPU
	EndGlobalSection
	GlobalSection(ProjectConfigurationPlatforms) = postSolution
		{33E51D24-6F2B-4347-A2B2-B1E7EC6DAF3D}.Debug|Any CPU.ActiveCfg = Debug|Any CPU
		{33E51D24-6F2B-4347-A2B2-B1E7EC6DAF3D}.Debug|Any CPU.Build.0 = Debug|Any CPU
		{33E51D24-6F2B-4347-A2B2-B1E7EC6DAF3D}.Release|Any CPU.ActiveCfg = Release|Any CPU
		{33E51D24-6F2B-4347-A2B2-B1E7EC6DAF3D}.Release|Any CPU.Build.0 = Release|Any CPU
	EndGlobalSection
	GlobalSection(SolutionProperties) = preSolution
		HideSolutionNode = FALSE
	EndGlobalSection
	GlobalSection(ExtensibilityGlobals) = postSolution
		SolutionGuid = {75381D47-D5CC-4B1E-A141-AF0C34E58E30}
	EndGlobalSection
EndGlobal
