
Microsoft Visual Studio Solution File, Format Version 12.00
# Visual Studio Version 17
VisualStudioVersion = 17.3.32922.545
MinimumVisualStudioVersion = 10.0.40219.1
Project("{FAE04EC0-301F-11D3-BF4B-00C04F79EFBC}") = "Estudantes_1x1", "Estudantes_1x1\Estudantes_1x1.csproj", "{1FF91F35-D794-472A-B79C-2D1CBA83EB44}"
EndProject
Global
	GlobalSection(SolutionConfigurationPlatforms) = preSolution
		Debug|Any CPU = Debug|Any CPU
		Release|Any CPU = Release|Any CPU
	EndGlobalSection
	GlobalSection(ProjectConfigurationPlatforms) = postSolution
		{1FF91F35-D794-472A-B79C-2D1CBA83EB44}.Debug|Any CPU.ActiveCfg = Debug|Any CPU
		{1FF91F35-D794-472A-B79C-2D1CBA83EB44}.Debug|Any CPU.Build.0 = Debug|Any CPU
		{1FF91F35-D794-472A-B79C-2D1CBA83EB44}.Release|Any CPU.ActiveCfg = Release|Any CPU
		{1FF91F35-D794-472A-B79C-2D1CBA83EB44}.Release|Any CPU.Build.0 = Release|Any CPU
	EndGlobalSection
	GlobalSection(SolutionProperties) = preSolution
		HideSolutionNode = FALSE
	EndGlobalSection
	GlobalSection(ExtensibilityGlobals) = postSolution
		SolutionGuid = {68BBA6AB-A7F0-4F82-95B6-331DC10D8EA4}
	EndGlobalSection
EndGlobal
