
Microsoft Visual Studio Solution File, Format Version 12.00
# Visual Studio Version 16
VisualStudioVersion = 16.0.32901.82
MinimumVisualStudioVersion = 10.0.40219.1
Project("{FAE04EC0-301F-11D3-BF4B-00C04F79EFBC}") = "ExemploDEbug", "ExemploDEbug\ExemploDEbug.csproj", "{7BFDEE71-6F2A-4D0F-A186-B490B1C169AB}"
EndProject
Project("{FAE04EC0-301F-11D3-BF4B-00C04F79EFBC}") = "Hashset_X_List", "Hashset_X_List\Hashset_X_List.csproj", "{D413AC26-9755-43B1-ABFE-9391800DCFDF}"
EndProject
Project("{FAE04EC0-301F-11D3-BF4B-00C04F79EFBC}") = "List", "List\List.csproj", "{B0E395D7-895F-4FF0-BBC5-74147BE1DE1B}"
EndProject
Project("{FAE04EC0-301F-11D3-BF4B-00C04F79EFBC}") = "HashSet", "HashSet\HashSet.csproj", "{C6DFF544-078E-43F5-A30B-F4CFF2348DE7}"
EndProject
Project("{FAE04EC0-301F-11D3-BF4B-00C04F79EFBC}") = "Dictonary", "Dictonary\Dictonary.csproj", "{986A5411-E74D-40C3-BDC5-1B9510D60951}"
EndProject
Project("{FAE04EC0-301F-11D3-BF4B-00C04F79EFBC}") = "Queue", "Queue\Queue.csproj", "{401929D8-3EB0-459C-B998-340E86BC445E}"
EndProject
Project("{FAE04EC0-301F-11D3-BF4B-00C04F79EFBC}") = "Stack", "Stack\Stack.csproj", "{82FB10BB-7AFB-4FE6-B170-724D2669DC4A}"
EndProject
Global
	GlobalSection(SolutionConfigurationPlatforms) = preSolution
		Debug|Any CPU = Debug|Any CPU
		Release|Any CPU = Release|Any CPU
	EndGlobalSection
	GlobalSection(ProjectConfigurationPlatforms) = postSolution
		{7BFDEE71-6F2A-4D0F-A186-B490B1C169AB}.Debug|Any CPU.ActiveCfg = Debug|Any CPU
		{7BFDEE71-6F2A-4D0F-A186-B490B1C169AB}.Debug|Any CPU.Build.0 = Debug|Any CPU
		{7BFDEE71-6F2A-4D0F-A186-B490B1C169AB}.Release|Any CPU.ActiveCfg = Release|Any CPU
		{7BFDEE71-6F2A-4D0F-A186-B490B1C169AB}.Release|Any CPU.Build.0 = Release|Any CPU
		{D413AC26-9755-43B1-ABFE-9391800DCFDF}.Debug|Any CPU.ActiveCfg = Debug|Any CPU
		{D413AC26-9755-43B1-ABFE-9391800DCFDF}.Debug|Any CPU.Build.0 = Debug|Any CPU
		{D413AC26-9755-43B1-ABFE-9391800DCFDF}.Release|Any CPU.ActiveCfg = Release|Any CPU
		{D413AC26-9755-43B1-ABFE-9391800DCFDF}.Release|Any CPU.Build.0 = Release|Any CPU
		{B0E395D7-895F-4FF0-BBC5-74147BE1DE1B}.Debug|Any CPU.ActiveCfg = Debug|Any CPU
		{B0E395D7-895F-4FF0-BBC5-74147BE1DE1B}.Debug|Any CPU.Build.0 = Debug|Any CPU
		{B0E395D7-895F-4FF0-BBC5-74147BE1DE1B}.Release|Any CPU.ActiveCfg = Release|Any CPU
		{B0E395D7-895F-4FF0-BBC5-74147BE1DE1B}.Release|Any CPU.Build.0 = Release|Any CPU
		{C6DFF544-078E-43F5-A30B-F4CFF2348DE7}.Debug|Any CPU.ActiveCfg = Debug|Any CPU
		{C6DFF544-078E-43F5-A30B-F4CFF2348DE7}.Debug|Any CPU.Build.0 = Debug|Any CPU
		{C6DFF544-078E-43F5-A30B-F4CFF2348DE7}.Release|Any CPU.ActiveCfg = Release|Any CPU
		{C6DFF544-078E-43F5-A30B-F4CFF2348DE7}.Release|Any CPU.Build.0 = Release|Any CPU
		{986A5411-E74D-40C3-BDC5-1B9510D60951}.Debug|Any CPU.ActiveCfg = Debug|Any CPU
		{986A5411-E74D-40C3-BDC5-1B9510D60951}.Debug|Any CPU.Build.0 = Debug|Any CPU
		{986A5411-E74D-40C3-BDC5-1B9510D60951}.Release|Any CPU.ActiveCfg = Release|Any CPU
		{986A5411-E74D-40C3-BDC5-1B9510D60951}.Release|Any CPU.Build.0 = Release|Any CPU
		{401929D8-3EB0-459C-B998-340E86BC445E}.Debug|Any CPU.ActiveCfg = Debug|Any CPU
		{401929D8-3EB0-459C-B998-340E86BC445E}.Debug|Any CPU.Build.0 = Debug|Any CPU
		{401929D8-3EB0-459C-B998-340E86BC445E}.Release|Any CPU.ActiveCfg = Release|Any CPU
		{401929D8-3EB0-459C-B998-340E86BC445E}.Release|Any CPU.Build.0 = Release|Any CPU
		{82FB10BB-7AFB-4FE6-B170-724D2669DC4A}.Debug|Any CPU.ActiveCfg = Debug|Any CPU
		{82FB10BB-7AFB-4FE6-B170-724D2669DC4A}.Debug|Any CPU.Build.0 = Debug|Any CPU
		{82FB10BB-7AFB-4FE6-B170-724D2669DC4A}.Release|Any CPU.ActiveCfg = Release|Any CPU
		{82FB10BB-7AFB-4FE6-B170-724D2669DC4A}.Release|Any CPU.Build.0 = Release|Any CPU
	EndGlobalSection
	GlobalSection(SolutionProperties) = preSolution
		HideSolutionNode = FALSE
	EndGlobalSection
	GlobalSection(ExtensibilityGlobals) = postSolution
		SolutionGuid = {40DA282C-249C-46BE-9871-FE3756AE6684}
	EndGlobalSection
EndGlobal
