
Microsoft Visual Studio Solution File, Format Version 12.00
# Visual Studio Express 2012 for Windows Desktop
Project("{FAE04EC0-301F-11D3-BF4B-00C04F79EFBC}") = "Polimorfismo", "Polimorfismo\Polimorfismo.csproj", "{88FF9789-C512-4E7E-A6BD-36D5A8E9D685}"
EndProject
Project("{FAE04EC0-301F-11D3-BF4B-00C04F79EFBC}") = "Polimorfismo1", "Polimorfismo1\Polimorfismo1.csproj", "{7D13B48F-FFC9-4EC4-B051-0238D8327278}"
EndProject
Project("{FAE04EC0-301F-11D3-BF4B-00C04F79EFBC}") = "Polimorfismo2", "Polimorfismo2\Polimorfismo2.csproj", "{632741AC-6C87-477B-AEF9-958E833557F4}"
EndProject
Project("{FAE04EC0-301F-11D3-BF4B-00C04F79EFBC}") = "Polimorfismo3", "Polimorfismo3\Polimorfismo3.csproj", "{9B34765D-B013-446F-B7D8-6475BDD5EC2C}"
EndProject
Project("{FAE04EC0-301F-11D3-BF4B-00C04F79EFBC}") = "Polimorfismo4", "Polimorfismo4\Polimorfismo4.csproj", "{13962656-A9E9-48F9-BE62-8B5775557099}"
EndProject
Global
	GlobalSection(SolutionConfigurationPlatforms) = preSolution
		Debug|Any CPU = Debug|Any CPU
		Release|Any CPU = Release|Any CPU
	EndGlobalSection
	GlobalSection(ProjectConfigurationPlatforms) = postSolution
		{88FF9789-C512-4E7E-A6BD-36D5A8E9D685}.Debug|Any CPU.ActiveCfg = Debug|Any CPU
		{88FF9789-C512-4E7E-A6BD-36D5A8E9D685}.Debug|Any CPU.Build.0 = Debug|Any CPU
		{88FF9789-C512-4E7E-A6BD-36D5A8E9D685}.Release|Any CPU.ActiveCfg = Release|Any CPU
		{88FF9789-C512-4E7E-A6BD-36D5A8E9D685}.Release|Any CPU.Build.0 = Release|Any CPU
		{7D13B48F-FFC9-4EC4-B051-0238D8327278}.Debug|Any CPU.ActiveCfg = Debug|Any CPU
		{7D13B48F-FFC9-4EC4-B051-0238D8327278}.Debug|Any CPU.Build.0 = Debug|Any CPU
		{7D13B48F-FFC9-4EC4-B051-0238D8327278}.Release|Any CPU.ActiveCfg = Release|Any CPU
		{7D13B48F-FFC9-4EC4-B051-0238D8327278}.Release|Any CPU.Build.0 = Release|Any CPU
		{632741AC-6C87-477B-AEF9-958E833557F4}.Debug|Any CPU.ActiveCfg = Debug|Any CPU
		{632741AC-6C87-477B-AEF9-958E833557F4}.Debug|Any CPU.Build.0 = Debug|Any CPU
		{632741AC-6C87-477B-AEF9-958E833557F4}.Release|Any CPU.ActiveCfg = Release|Any CPU
		{632741AC-6C87-477B-AEF9-958E833557F4}.Release|Any CPU.Build.0 = Release|Any CPU
		{9B34765D-B013-446F-B7D8-6475BDD5EC2C}.Debug|Any CPU.ActiveCfg = Debug|Any CPU
		{9B34765D-B013-446F-B7D8-6475BDD5EC2C}.Debug|Any CPU.Build.0 = Debug|Any CPU
		{9B34765D-B013-446F-B7D8-6475BDD5EC2C}.Release|Any CPU.ActiveCfg = Release|Any CPU
		{9B34765D-B013-446F-B7D8-6475BDD5EC2C}.Release|Any CPU.Build.0 = Release|Any CPU
		{13962656-A9E9-48F9-BE62-8B5775557099}.Debug|Any CPU.ActiveCfg = Debug|Any CPU
		{13962656-A9E9-48F9-BE62-8B5775557099}.Debug|Any CPU.Build.0 = Debug|Any CPU
		{13962656-A9E9-48F9-BE62-8B5775557099}.Release|Any CPU.ActiveCfg = Release|Any CPU
		{13962656-A9E9-48F9-BE62-8B5775557099}.Release|Any CPU.Build.0 = Release|Any CPU
	EndGlobalSection
	GlobalSection(SolutionProperties) = preSolution
		HideSolutionNode = FALSE
	EndGlobalSection
EndGlobal
